
Microsoft Visual Studio Solution File, Format Version 12.00
# Visual Studio Version 17
VisualStudioVersion = 17.1.32328.378
MinimumVisualStudioVersion = 10.0.40219.1
Project("{FAE04EC0-301F-11D3-BF4B-00C04F79EFBC}") = "LocatorPlugin", "LocatorPlugin\LocatorPlugin.csproj", "{3A28CA24-E72A-4D3B-AE30-21FF135FF61A}"
EndProject
Project("{D954291E-2A0B-460D-934E-DC6B0785DB48}") = "Framework", "Framework\Framework.shproj", "{CD90B57E-FC21-473C-8220-FC883C975693}"
EndProject
Project("{FAE04EC0-301F-11D3-BF4B-00C04F79EFBC}") = "SkipIntroPlugin", "SkipIntroPlugin\SkipIntroPlugin.csproj", "{1A753EBD-F25A-4DE8-B270-3BE9EAACC2BF}"
EndProject
Project("{FAE04EC0-301F-11D3-BF4B-00C04F79EFBC}") = "LocateMerchant", "LocateMerchant\LocateMerchant.csproj", "{EE2F6BA2-A76B-443F-9B58-D79F13D1ADB9}"
EndProject
Global
	GlobalSection(SharedMSBuildProjectFiles) = preSolution
		Framework\Framework.projitems*{1a753ebd-f25a-4de8-b270-3be9eaacc2bf}*SharedItemsImports = 4
		Framework\Framework.projitems*{cd90b57e-fc21-473c-8220-fc883c975693}*SharedItemsImports = 13
	EndGlobalSection
	GlobalSection(SolutionConfigurationPlatforms) = preSolution
		Debug|Any CPU = Debug|Any CPU
		Release|Any CPU = Release|Any CPU
	EndGlobalSection
	GlobalSection(ProjectConfigurationPlatforms) = postSolution
		{3A28CA24-E72A-4D3B-AE30-21FF135FF61A}.Debug|Any CPU.ActiveCfg = Debug|Any CPU
		{3A28CA24-E72A-4D3B-AE30-21FF135FF61A}.Debug|Any CPU.Build.0 = Debug|Any CPU
		{3A28CA24-E72A-4D3B-AE30-21FF135FF61A}.Release|Any CPU.ActiveCfg = Release|Any CPU
		{3A28CA24-E72A-4D3B-AE30-21FF135FF61A}.Release|Any CPU.Build.0 = Release|Any CPU
		{1A753EBD-F25A-4DE8-B270-3BE9EAACC2BF}.Debug|Any CPU.ActiveCfg = Debug|Any CPU
		{1A753EBD-F25A-4DE8-B270-3BE9EAACC2BF}.Debug|Any CPU.Build.0 = Debug|Any CPU
		{1A753EBD-F25A-4DE8-B270-3BE9EAACC2BF}.Release|Any CPU.ActiveCfg = Release|Any CPU
		{1A753EBD-F25A-4DE8-B270-3BE9EAACC2BF}.Release|Any CPU.Build.0 = Release|Any CPU
		{EE2F6BA2-A76B-443F-9B58-D79F13D1ADB9}.Debug|Any CPU.ActiveCfg = Debug|Any CPU
		{EE2F6BA2-A76B-443F-9B58-D79F13D1ADB9}.Debug|Any CPU.Build.0 = Debug|Any CPU
		{EE2F6BA2-A76B-443F-9B58-D79F13D1ADB9}.Release|Any CPU.ActiveCfg = Release|Any CPU
		{EE2F6BA2-A76B-443F-9B58-D79F13D1ADB9}.Release|Any CPU.Build.0 = Release|Any CPU
	EndGlobalSection
	GlobalSection(SolutionProperties) = preSolution
		HideSolutionNode = FALSE
	EndGlobalSection
	GlobalSection(ExtensibilityGlobals) = postSolution
		SolutionGuid = {22306F4A-C1DB-493A-A619-E5AD79F6A643}
	EndGlobalSection
EndGlobal
